
Microsoft Visual Studio Solution File, Format Version 12.00
# Visual Studio Version 17
VisualStudioVersion = 17.4.33403.182
MinimumVisualStudioVersion = 10.0.40219.1
Project("{9A19103F-16F7-4668-BE54-9A1E7A4F7556}") = "Sample.CoreWCF", "Sample.CoreWCF\Sample.CoreWCF.csproj", "{CBBBA402-11F3-4834-A727-A68C8121BAF9}"
EndProject
Project("{FAE04EC0-301F-11D3-BF4B-00C04F79EFBC}") = "Sample.CoreWCF.Test", "Sample.CoreWCF.Test\Sample.CoreWCF.Test.csproj", "{802B1C61-3C33-4FE7-8662-36796D588737}"
EndProject
Global
	GlobalSection(SolutionConfigurationPlatforms) = preSolution
		Debug|Any CPU = Debug|Any CPU
		Release|Any CPU = Release|Any CPU
	EndGlobalSection
	GlobalSection(ProjectConfigurationPlatforms) = postSolution
		{CBBBA402-11F3-4834-A727-A68C8121BAF9}.Debug|Any CPU.ActiveCfg = Debug|Any CPU
		{CBBBA402-11F3-4834-A727-A68C8121BAF9}.Debug|Any CPU.Build.0 = Debug|Any CPU
		{CBBBA402-11F3-4834-A727-A68C8121BAF9}.Release|Any CPU.ActiveCfg = Release|Any CPU
		{CBBBA402-11F3-4834-A727-A68C8121BAF9}.Release|Any CPU.Build.0 = Release|Any CPU
		{802B1C61-3C33-4FE7-8662-36796D588737}.Debug|Any CPU.ActiveCfg = Debug|Any CPU
		{802B1C61-3C33-4FE7-8662-36796D588737}.Debug|Any CPU.Build.0 = Debug|Any CPU
		{802B1C61-3C33-4FE7-8662-36796D588737}.Release|Any CPU.ActiveCfg = Release|Any CPU
		{802B1C61-3C33-4FE7-8662-36796D588737}.Release|Any CPU.Build.0 = Release|Any CPU
	EndGlobalSection
	GlobalSection(SolutionProperties) = preSolution
		HideSolutionNode = FALSE
	EndGlobalSection
	GlobalSection(ExtensibilityGlobals) = postSolution
		SolutionGuid = {58CF87A4-5B53-4BEA-982F-67439E2F86B7}
	EndGlobalSection
EndGlobal
